
Microsoft Visual Studio Solution File, Format Version 12.00
# Visual Studio Version 17
VisualStudioVersion = 17.4.33213.308
MinimumVisualStudioVersion = 10.0.40219.1
Project("{FAE04EC0-301F-11D3-BF4B-00C04F79EFBC}") = "Päiväkirja", "Päiväkirja.csproj", "{AD7A441F-665B-4413-9511-9C20663D99A5}"
EndProject
Global
	GlobalSection(SolutionConfigurationPlatforms) = preSolution
		Debug|Any CPU = Debug|Any CPU
		Release|Any CPU = Release|Any CPU
	EndGlobalSection
	GlobalSection(ProjectConfigurationPlatforms) = postSolution
		{AD7A441F-665B-4413-9511-9C20663D99A5}.Debug|Any CPU.ActiveCfg = Debug|Any CPU
		{AD7A441F-665B-4413-9511-9C20663D99A5}.Debug|Any CPU.Build.0 = Debug|Any CPU
		{AD7A441F-665B-4413-9511-9C20663D99A5}.Release|Any CPU.ActiveCfg = Release|Any CPU
		{AD7A441F-665B-4413-9511-9C20663D99A5}.Release|Any CPU.Build.0 = Release|Any CPU
	EndGlobalSection
	GlobalSection(SolutionProperties) = preSolution
		HideSolutionNode = FALSE
	EndGlobalSection
	GlobalSection(ExtensibilityGlobals) = postSolution
		SolutionGuid = {F7F4AB25-E7C6-41ED-883E-6DA0D23C7319}
	EndGlobalSection
EndGlobal
