
Microsoft Visual Studio Solution File, Format Version 12.00
# Visual Studio Version 17
VisualStudioVersion = 17.4.33213.308
MinimumVisualStudioVersion = 10.0.40219.1
Project("{9A19103F-16F7-4668-BE54-9A1E7A4F7556}") = "Projekti01", "Projekti01\Projekti01.csproj", "{60AC53DE-D2EC-4908-834B-4830BA3C2B17}"
EndProject
Project("{9A19103F-16F7-4668-BE54-9A1E7A4F7556}") = "OmaNimi", "OmaNimi\OmaNimi.csproj", "{266E45E0-F5C1-41F4-994F-9B9D1D96F699}"
EndProject
Project("{9A19103F-16F7-4668-BE54-9A1E7A4F7556}") = "YksiNumerot", "YksiNumerot\YksiNumerot.csproj", "{E3BD3C57-7FF1-42D1-91C0-78825530E5BA}"
EndProject
Project("{9A19103F-16F7-4668-BE54-9A1E7A4F7556}") = "Aika", "Aika\Aika.csproj", "{CE6DACE4-BF9F-4A31-A7C9-17FAFFD13C52}"
EndProject
Project("{9A19103F-16F7-4668-BE54-9A1E7A4F7556}") = "ReadLine harjoitus", "ReadLine harjoitus\ReadLine harjoitus.csproj", "{F5654248-976B-486E-8DC4-C4EACC09F07D}"
EndProject
Project("{FAE04EC0-301F-11D3-BF4B-00C04F79EFBC}") = "erotus", "erotus\erotus.csproj", "{A38C43E1-004F-424D-A935-8FAC623CD924}"
EndProject
Project("{FAE04EC0-301F-11D3-BF4B-00C04F79EFBC}") = "Summa", "Summa\Summa.csproj", "{814DF26D-F00E-4AEB-B00D-E8439D22D4CF}"
EndProject
Project("{FAE04EC0-301F-11D3-BF4B-00C04F79EFBC}") = "Ehtolause1", "Ehtolause1\Ehtolause1.csproj", "{9FEA55C3-9AA3-4385-B4C8-5A2D78E13FE6}"
EndProject
Global
	GlobalSection(SolutionConfigurationPlatforms) = preSolution
		Debug|Any CPU = Debug|Any CPU
		Release|Any CPU = Release|Any CPU
	EndGlobalSection
	GlobalSection(ProjectConfigurationPlatforms) = postSolution
		{60AC53DE-D2EC-4908-834B-4830BA3C2B17}.Debug|Any CPU.ActiveCfg = Debug|Any CPU
		{60AC53DE-D2EC-4908-834B-4830BA3C2B17}.Debug|Any CPU.Build.0 = Debug|Any CPU
		{60AC53DE-D2EC-4908-834B-4830BA3C2B17}.Release|Any CPU.ActiveCfg = Release|Any CPU
		{60AC53DE-D2EC-4908-834B-4830BA3C2B17}.Release|Any CPU.Build.0 = Release|Any CPU
		{266E45E0-F5C1-41F4-994F-9B9D1D96F699}.Debug|Any CPU.ActiveCfg = Debug|Any CPU
		{266E45E0-F5C1-41F4-994F-9B9D1D96F699}.Debug|Any CPU.Build.0 = Debug|Any CPU
		{266E45E0-F5C1-41F4-994F-9B9D1D96F699}.Release|Any CPU.ActiveCfg = Release|Any CPU
		{266E45E0-F5C1-41F4-994F-9B9D1D96F699}.Release|Any CPU.Build.0 = Release|Any CPU
		{E3BD3C57-7FF1-42D1-91C0-78825530E5BA}.Debug|Any CPU.ActiveCfg = Debug|Any CPU
		{E3BD3C57-7FF1-42D1-91C0-78825530E5BA}.Debug|Any CPU.Build.0 = Debug|Any CPU
		{E3BD3C57-7FF1-42D1-91C0-78825530E5BA}.Release|Any CPU.ActiveCfg = Release|Any CPU
		{E3BD3C57-7FF1-42D1-91C0-78825530E5BA}.Release|Any CPU.Build.0 = Release|Any CPU
		{CE6DACE4-BF9F-4A31-A7C9-17FAFFD13C52}.Debug|Any CPU.ActiveCfg = Debug|Any CPU
		{CE6DACE4-BF9F-4A31-A7C9-17FAFFD13C52}.Debug|Any CPU.Build.0 = Debug|Any CPU
		{CE6DACE4-BF9F-4A31-A7C9-17FAFFD13C52}.Release|Any CPU.ActiveCfg = Release|Any CPU
		{CE6DACE4-BF9F-4A31-A7C9-17FAFFD13C52}.Release|Any CPU.Build.0 = Release|Any CPU
		{F5654248-976B-486E-8DC4-C4EACC09F07D}.Debug|Any CPU.ActiveCfg = Debug|Any CPU
		{F5654248-976B-486E-8DC4-C4EACC09F07D}.Debug|Any CPU.Build.0 = Debug|Any CPU
		{F5654248-976B-486E-8DC4-C4EACC09F07D}.Release|Any CPU.ActiveCfg = Release|Any CPU
		{F5654248-976B-486E-8DC4-C4EACC09F07D}.Release|Any CPU.Build.0 = Release|Any CPU
		{A38C43E1-004F-424D-A935-8FAC623CD924}.Debug|Any CPU.ActiveCfg = Debug|Any CPU
		{A38C43E1-004F-424D-A935-8FAC623CD924}.Debug|Any CPU.Build.0 = Debug|Any CPU
		{A38C43E1-004F-424D-A935-8FAC623CD924}.Release|Any CPU.ActiveCfg = Release|Any CPU
		{A38C43E1-004F-424D-A935-8FAC623CD924}.Release|Any CPU.Build.0 = Release|Any CPU
		{814DF26D-F00E-4AEB-B00D-E8439D22D4CF}.Debug|Any CPU.ActiveCfg = Debug|Any CPU
		{814DF26D-F00E-4AEB-B00D-E8439D22D4CF}.Debug|Any CPU.Build.0 = Debug|Any CPU
		{814DF26D-F00E-4AEB-B00D-E8439D22D4CF}.Release|Any CPU.ActiveCfg = Release|Any CPU
		{814DF26D-F00E-4AEB-B00D-E8439D22D4CF}.Release|Any CPU.Build.0 = Release|Any CPU
		{9FEA55C3-9AA3-4385-B4C8-5A2D78E13FE6}.Debug|Any CPU.ActiveCfg = Debug|Any CPU
		{9FEA55C3-9AA3-4385-B4C8-5A2D78E13FE6}.Debug|Any CPU.Build.0 = Debug|Any CPU
		{9FEA55C3-9AA3-4385-B4C8-5A2D78E13FE6}.Release|Any CPU.ActiveCfg = Release|Any CPU
		{9FEA55C3-9AA3-4385-B4C8-5A2D78E13FE6}.Release|Any CPU.Build.0 = Release|Any CPU
	EndGlobalSection
	GlobalSection(SolutionProperties) = preSolution
		HideSolutionNode = FALSE
	EndGlobalSection
	GlobalSection(ExtensibilityGlobals) = postSolution
		SolutionGuid = {18E969D1-45F8-4D51-AF2E-853D7AA861C5}
	EndGlobalSection
EndGlobal
