
Microsoft Visual Studio Solution File, Format Version 12.00
# Visual Studio Version 17
VisualStudioVersion = 17.4.33213.308
MinimumVisualStudioVersion = 10.0.40219.1
Project("{FAE04EC0-301F-11D3-BF4B-00C04F79EFBC}") = "Harjoitus 4", "Harjoitus 4.csproj", "{4A21FD34-3E73-4673-9306-02B19E81F612}"
EndProject
Global
	GlobalSection(SolutionConfigurationPlatforms) = preSolution
		Debug|Any CPU = Debug|Any CPU
		Release|Any CPU = Release|Any CPU
	EndGlobalSection
	GlobalSection(ProjectConfigurationPlatforms) = postSolution
		{4A21FD34-3E73-4673-9306-02B19E81F612}.Debug|Any CPU.ActiveCfg = Debug|Any CPU
		{4A21FD34-3E73-4673-9306-02B19E81F612}.Debug|Any CPU.Build.0 = Debug|Any CPU
		{4A21FD34-3E73-4673-9306-02B19E81F612}.Release|Any CPU.ActiveCfg = Release|Any CPU
		{4A21FD34-3E73-4673-9306-02B19E81F612}.Release|Any CPU.Build.0 = Release|Any CPU
	EndGlobalSection
	GlobalSection(SolutionProperties) = preSolution
		HideSolutionNode = FALSE
	EndGlobalSection
	GlobalSection(ExtensibilityGlobals) = postSolution
		SolutionGuid = {E119FAF7-D9DE-43B4-9121-23D9FADB5D3B}
	EndGlobalSection
EndGlobal
