
Microsoft Visual Studio Solution File, Format Version 12.00
# Visual Studio Version 17
VisualStudioVersion = 17.4.33213.308
MinimumVisualStudioVersion = 10.0.40219.1
Project("{FAE04EC0-301F-11D3-BF4B-00C04F79EFBC}") = "AutonKululaskuri", "AutonKululaskuri.csproj", "{FDEF525E-16F1-49EA-9C72-3231F797043E}"
EndProject
Global
	GlobalSection(SolutionConfigurationPlatforms) = preSolution
		Debug|Any CPU = Debug|Any CPU
		Release|Any CPU = Release|Any CPU
	EndGlobalSection
	GlobalSection(ProjectConfigurationPlatforms) = postSolution
		{FDEF525E-16F1-49EA-9C72-3231F797043E}.Debug|Any CPU.ActiveCfg = Debug|Any CPU
		{FDEF525E-16F1-49EA-9C72-3231F797043E}.Debug|Any CPU.Build.0 = Debug|Any CPU
		{FDEF525E-16F1-49EA-9C72-3231F797043E}.Release|Any CPU.ActiveCfg = Release|Any CPU
		{FDEF525E-16F1-49EA-9C72-3231F797043E}.Release|Any CPU.Build.0 = Release|Any CPU
	EndGlobalSection
	GlobalSection(SolutionProperties) = preSolution
		HideSolutionNode = FALSE
	EndGlobalSection
	GlobalSection(ExtensibilityGlobals) = postSolution
		SolutionGuid = {F6159760-31B4-45F3-8876-AF2E61D76A76}
	EndGlobalSection
EndGlobal
