
Microsoft Visual Studio Solution File, Format Version 12.00
# Visual Studio Version 17
VisualStudioVersion = 17.4.33213.308
MinimumVisualStudioVersion = 10.0.40219.1
Project("{FAE04EC0-301F-11D3-BF4B-00C04F79EFBC}") = "Oppilashallinta", "Oppilashallinta.csproj", "{412F66B5-F788-498E-B95D-3C44529AB8F4}"
EndProject
Global
	GlobalSection(SolutionConfigurationPlatforms) = preSolution
		Debug|Any CPU = Debug|Any CPU
		Release|Any CPU = Release|Any CPU
	EndGlobalSection
	GlobalSection(ProjectConfigurationPlatforms) = postSolution
		{412F66B5-F788-498E-B95D-3C44529AB8F4}.Debug|Any CPU.ActiveCfg = Debug|Any CPU
		{412F66B5-F788-498E-B95D-3C44529AB8F4}.Debug|Any CPU.Build.0 = Debug|Any CPU
		{412F66B5-F788-498E-B95D-3C44529AB8F4}.Release|Any CPU.ActiveCfg = Release|Any CPU
		{412F66B5-F788-498E-B95D-3C44529AB8F4}.Release|Any CPU.Build.0 = Release|Any CPU
	EndGlobalSection
	GlobalSection(SolutionProperties) = preSolution
		HideSolutionNode = FALSE
	EndGlobalSection
	GlobalSection(ExtensibilityGlobals) = postSolution
		SolutionGuid = {D6EDF01E-3C86-4CFC-BC60-2D57031532CB}
	EndGlobalSection
EndGlobal
