
Microsoft Visual Studio Solution File, Format Version 12.00
# Visual Studio Version 17
VisualStudioVersion = 17.4.33213.308
MinimumVisualStudioVersion = 10.0.40219.1
Project("{FAE04EC0-301F-11D3-BF4B-00C04F79EFBC}") = "Form1", "Form1\Form1.csproj", "{FC48EE60-B68F-4970-91CA-C25ACE492167}"
EndProject
Global
	GlobalSection(SolutionConfigurationPlatforms) = preSolution
		Debug|Any CPU = Debug|Any CPU
		Release|Any CPU = Release|Any CPU
	EndGlobalSection
	GlobalSection(ProjectConfigurationPlatforms) = postSolution
		{FC48EE60-B68F-4970-91CA-C25ACE492167}.Debug|Any CPU.ActiveCfg = Debug|Any CPU
		{FC48EE60-B68F-4970-91CA-C25ACE492167}.Debug|Any CPU.Build.0 = Debug|Any CPU
		{FC48EE60-B68F-4970-91CA-C25ACE492167}.Release|Any CPU.ActiveCfg = Release|Any CPU
		{FC48EE60-B68F-4970-91CA-C25ACE492167}.Release|Any CPU.Build.0 = Release|Any CPU
	EndGlobalSection
	GlobalSection(SolutionProperties) = preSolution
		HideSolutionNode = FALSE
	EndGlobalSection
	GlobalSection(ExtensibilityGlobals) = postSolution
		SolutionGuid = {2030D0D7-BF18-4420-A162-1B82D18825C7}
	EndGlobalSection
EndGlobal
