
Microsoft Visual Studio Solution File, Format Version 12.00
# Visual Studio Version 17
VisualStudioVersion = 17.4.33213.308
MinimumVisualStudioVersion = 10.0.40219.1
Project("{FAE04EC0-301F-11D3-BF4B-00C04F79EFBC}") = "Oppilaitos", "Oppilaitos.csproj", "{168A8368-E583-4E52-BC68-C60A7E614957}"
EndProject
Global
	GlobalSection(SolutionConfigurationPlatforms) = preSolution
		Debug|Any CPU = Debug|Any CPU
		Release|Any CPU = Release|Any CPU
	EndGlobalSection
	GlobalSection(ProjectConfigurationPlatforms) = postSolution
		{168A8368-E583-4E52-BC68-C60A7E614957}.Debug|Any CPU.ActiveCfg = Debug|Any CPU
		{168A8368-E583-4E52-BC68-C60A7E614957}.Debug|Any CPU.Build.0 = Debug|Any CPU
		{168A8368-E583-4E52-BC68-C60A7E614957}.Release|Any CPU.ActiveCfg = Release|Any CPU
		{168A8368-E583-4E52-BC68-C60A7E614957}.Release|Any CPU.Build.0 = Release|Any CPU
	EndGlobalSection
	GlobalSection(SolutionProperties) = preSolution
		HideSolutionNode = FALSE
	EndGlobalSection
	GlobalSection(ExtensibilityGlobals) = postSolution
		SolutionGuid = {3870FEFE-4F92-457B-A681-81969F7ECBA1}
	EndGlobalSection
EndGlobal
